
Microsoft Visual Studio Solution File, Format Version 12.00
# Visual Studio Version 16
VisualStudioVersion = 16.0.28803.352
MinimumVisualStudioVersion = 10.0.40219.1
Project("{FAE04EC0-301F-11D3-BF4B-00C04F79EFBC}") = "MISA.MShopkeeper", "MISA.MShopkeeper\MISA.MShopkeeper.csproj", "{140BA1AB-6A8F-42F7-B118-078C4E4F61A9}"
EndProject
Global
	GlobalSection(SolutionConfigurationPlatforms) = preSolution
		Debug|Any CPU = Debug|Any CPU
		Release|Any CPU = Release|Any CPU
	EndGlobalSection
	GlobalSection(ProjectConfigurationPlatforms) = postSolution
		{140BA1AB-6A8F-42F7-B118-078C4E4F61A9}.Debug|Any CPU.ActiveCfg = Debug|Any CPU
		{140BA1AB-6A8F-42F7-B118-078C4E4F61A9}.Debug|Any CPU.Build.0 = Debug|Any CPU
		{140BA1AB-6A8F-42F7-B118-078C4E4F61A9}.Release|Any CPU.ActiveCfg = Release|Any CPU
		{140BA1AB-6A8F-42F7-B118-078C4E4F61A9}.Release|Any CPU.Build.0 = Release|Any CPU
	EndGlobalSection
	GlobalSection(SolutionProperties) = preSolution
		HideSolutionNode = FALSE
	EndGlobalSection
	GlobalSection(ExtensibilityGlobals) = postSolution
		SolutionGuid = {E02402AF-AA39-4F36-8766-554796332DD3}
	EndGlobalSection
	GlobalSection(TeamFoundationVersionControl) = preSolution
		SccNumberOfProjects = 2
		SccEnterpriseProvider = {4CA58AB2-18FA-4F8D-95D4-32DDF27D184C}
		SccTeamFoundationServer = https://dev.azure.com/manh98nv
		SccLocalPath0 = .
		SccProjectUniqueName1 = MISA.MShopkeeper\\MISA.MShopkeeper.csproj
		SccProjectName1 = MISA.MShopkeeper
		SccLocalPath1 = MISA.MShopkeeper
	EndGlobalSection
EndGlobal
